
Microsoft Visual Studio Solution File, Format Version 12.00
# Visual Studio Version 17
VisualStudioVersion = 17.1.32407.343
MinimumVisualStudioVersion = 10.0.40219.1
Project("{FAE04EC0-301F-11D3-BF4B-00C04F79EFBC}") = "Demo-Console-C-Sharp-Fundamentals", "Demo-Console-C-Sharp-Fundamentals.csproj", "{BFD7B2B4-263E-4426-9CF2-5E0CF485CFDE}"
EndProject
Global
	GlobalSection(SolutionConfigurationPlatforms) = preSolution
		Debug|Any CPU = Debug|Any CPU
		Release|Any CPU = Release|Any CPU
	EndGlobalSection
	GlobalSection(ProjectConfigurationPlatforms) = postSolution
		{BFD7B2B4-263E-4426-9CF2-5E0CF485CFDE}.Debug|Any CPU.ActiveCfg = Debug|Any CPU
		{BFD7B2B4-263E-4426-9CF2-5E0CF485CFDE}.Debug|Any CPU.Build.0 = Debug|Any CPU
		{BFD7B2B4-263E-4426-9CF2-5E0CF485CFDE}.Release|Any CPU.ActiveCfg = Release|Any CPU
		{BFD7B2B4-263E-4426-9CF2-5E0CF485CFDE}.Release|Any CPU.Build.0 = Release|Any CPU
	EndGlobalSection
	GlobalSection(SolutionProperties) = preSolution
		HideSolutionNode = FALSE
	EndGlobalSection
	GlobalSection(ExtensibilityGlobals) = postSolution
		SolutionGuid = {9FEB77AB-FA4F-406E-8739-92654A560A8E}
	EndGlobalSection
EndGlobal
